// !$*UTF8*$!
{
	archiveVersion = 1;
	classes = {
	};
	objectVersion = 46;
	objects = {

/* Begin PBXBuildFile section */
		595A74621A6A5F80007146BF /* AppDelegate.swift in Sources */ = {isa = PBXBuildFile; fileRef = 595A745C1A6A5F80007146BF /* AppDelegate.swift */; };
		595A74631A6A5F80007146BF /* Main.storyboard in Resources */ = {isa = PBXBuildFile; fileRef = 595A745D1A6A5F80007146BF /* Main.storyboard */; };
		595A74641A6A5F80007146BF /* Images.xcassets in Resources */ = {isa = PBXBuildFile; fileRef = 595A745F1A6A5F80007146BF /* Images.xcassets */; };
		595A74651A6A5F80007146BF /* Info.plist in Resources */ = {isa = PBXBuildFile; fileRef = 595A74601A6A5F80007146BF /* Info.plist */; };
		595A74661A6A5F80007146BF /* ViewController.swift in Sources */ = {isa = PBXBuildFile; fileRef = 595A74611A6A5F80007146BF /* ViewController.swift */; };
/* End PBXBuildFile section */

/* Begin PBXFileReference section */
		595A745C1A6A5F80007146BF /* AppDelegate.swift */ = {isa = PBXFileReference; fileEncoding = 4; lastKnownFileType = sourcecode.swift; path = AppDelegate.swift; sourceTree = "<group>"; };
		595A745E1A6A5F80007146BF /* Base */ = {isa = PBXFileReference; lastKnownFileType = file.storyboard; name = Base; path = Base.lproj/Main.storyboard; sourceTree = "<group>"; };
		595A745F1A6A5F80007146BF /* Images.xcassets */ = {isa = PBXFileReference; lastKnownFileType = folder.assetcatalog; path = Images.xcassets; sourceTree = "<group>"; };
		595A74601A6A5F80007146BF /* Info.plist */ = {isa = PBXFileReference; fileEncoding = 4; lastKnownFileType = text.plist.xml; path = Info.plist; sourceTree = "<group>"; };
		595A74611A6A5F80007146BF /* ViewController.swift */ = {isa = PBXFileReference; fileEncoding = 4; lastKnownFileType = sourcecode.swift; path = ViewController.swift; sourceTree = "<group>"; };
		5995B9E41A69DD3D001B49DD /* SwiftWebKit.app */ = {isa = PBXFileReference; explicitFileType = wrapper.application; includeInIndex = 0; path = SwiftWebKit.app; sourceTree = BUILT_PRODUCTS_DIR; };
/* End PBXFileReference section */

/* Begin PBXFrameworksBuildPhase section */
		5995B9E11A69DD3D001B49DD /* Frameworks */ = {
			isa = PBXFrameworksBuildPhase;
			buildActionMask = 2147483647;
			files = (
			);
			runOnlyForDeploymentPostprocessing = 0;
		};
/* End PBXFrameworksBuildPhase section */

/* Begin PBXGroup section */
		595A745B1A6A5F80007146BF /* src */ = {
			isa = PBXGroup;
			children = (
				595A745C1A6A5F80007146BF /* AppDelegate.swift */,
				595A745D1A6A5F80007146BF /* Main.storyboard */,
				595A745F1A6A5F80007146BF /* Images.xcassets */,
				595A74601A6A5F80007146BF /* Info.plist */,
				595A74611A6A5F80007146BF /* ViewController.swift */,
			);
			path = src;
			sourceTree = "<group>";
		};
		5995B9DB1A69DD3D001B49DD = {
			isa = PBXGroup;
			children = (
				595A745B1A6A5F80007146BF /* src */,
				5995B9E51A69DD3D001B49DD /* Products */,
			);
			sourceTree = "<group>";
		};
		5995B9E51A69DD3D001B49DD /* Products */ = {
			isa = PBXGroup;
			children = (
				5995B9E41A69DD3D001B49DD /* SwiftWebKit.app */,
			);
			name = Products;
			sourceTree = "<group>";
		};
/* End PBXGroup section */

/* Begin PBXNativeTarget section */
		5995B9E31A69DD3D001B49DD /* SwiftWebKit */ = {
			isa = PBXNativeTarget;
			buildConfigurationList = 5995BA001A69DD3D001B49DD /* Build configuration list for PBXNativeTarget "SwiftWebKit" */;
			buildPhases = (
				5995B9E01A69DD3D001B49DD /* Sources */,
				5995B9E11A69DD3D001B49DD /* Frameworks */,
				5995B9E21A69DD3D001B49DD /* Resources */,
			);
			buildRules = (
			);
			dependencies = (
			);
			name = SwiftWebKit;
			productName = SwiftWebKit;
			productReference = 5995B9E41A69DD3D001B49DD /* SwiftWebKit.app */;
			productType = "com.apple.product-type.application";
		};
/* End PBXNativeTarget section */

/* Begin PBXProject section */
		5995B9DC1A69DD3D001B49DD /* Project object */ = {
			isa = PBXProject;
			attributes = {
				LastUpgradeCheck = 0610;
				ORGANIZATIONNAME = "Andrius K";
				TargetAttributes = {
					5995B9E31A69DD3D001B49DD = {
						CreatedOnToolsVersion = 6.1.1;
					};
				};
			};
			buildConfigurationList = 5995B9DF1A69DD3D001B49DD /* Build configuration list for PBXProject "SwiftWebKit" */;
			compatibilityVersion = "Xcode 3.2";
			developmentRegion = English;
			hasScannedForEncodings = 0;
			knownRegions = (
				en,
				Base,
			);
			mainGroup = 5995B9DB1A69DD3D001B49DD;
			productRefGroup = 5995B9E51A69DD3D001B49DD /* Products */;
			projectDirPath = "";
			projectRoot = "";
			targets = (
				5995B9E31A69DD3D001B49DD /* SwiftWebKit */,
			);
		};
/* End PBXProject section */

/* Begin PBXResourcesBuildPhase section */
		5995B9E21A69DD3D001B49DD /* Resources */ = {
			isa = PBXResourcesBuildPhase;
			buildActionMask = 2147483647;
			files = (
				595A74631A6A5F80007146BF /* Main.storyboard in Resources */,
				595A74641A6A5F80007146BF /* Images.xcassets in Resources */,
				595A74651A6A5F80007146BF /* Info.plist in Resources */,
			);
			runOnlyForDeploymentPostprocessing = 0;
		};
/* End PBXResourcesBuildPhase section */

/* Begin PBXSourcesBuildPhase section */
		5995B9E01A69DD3D001B49DD /* Sources */ = {
			isa = PBXSourcesBuildPhase;
			buildActionMask = 2147483647;
			files = (
				595A74661A6A5F80007146BF /* ViewController.swift in Sources */,
				595A74621A6A5F80007146BF /* AppDelegate.swift in Sources */,
			);
			runOnlyForDeploymentPostprocessing = 0;
		};
/* End PBXSourcesBuildPhase section */

/* Begin PBXVariantGroup section */
		595A745D1A6A5F80007146BF /* Main.storyboard */ = {
			isa = PBXVariantGroup;
			children = (
				595A745E1A6A5F80007146BF /* Base */,
			);
			name = Main.storyboard;
			sourceTree = "<group>";
		};
/* End PBXVariantGroup section */

/* Begin XCBuildConfiguration section */
		5995B9FE1A69DD3D001B49DD /* Debug */ = {
			isa = XCBuildConfiguration;
			buildSettings = {
				ALWAYS_SEARCH_USER_PATHS = NO;
				CLANG_CXX_LANGUAGE_STANDARD = "gnu++0x";
				CLANG_CXX_LIBRARY = "libc++";
				CLANG_ENABLE_MODULES = YES;
				CLANG_ENABLE_OBJC_ARC = YES;
				CLANG_WARN_BOOL_CONVERSION = YES;
				CLANG_WARN_CONSTANT_CONVERSION = YES;
				CLANG_WARN_DIRECT_OBJC_ISA_USAGE = YES_ERROR;
				CLANG_WARN_EMPTY_BODY = YES;
				CLANG_WARN_ENUM_CONVERSION = YES;
				CLANG_WARN_INT_CONVERSION = YES;
				CLANG_WARN_OBJC_ROOT_CLASS = YES_ERROR;
				CLANG_WARN_UNREACHABLE_CODE = YES;
				CLANG_WARN__DUPLICATE_METHOD_MATCH = YES;
				CODE_SIGN_IDENTITY = "-";
				COPY_PHASE_STRIP = NO;
				ENABLE_STRICT_OBJC_MSGSEND = YES;
				GCC_C_LANGUAGE_STANDARD = gnu99;
				GCC_DYNAMIC_NO_PIC = NO;
				GCC_OPTIMIZATION_LEVEL = 0;
				GCC_PREPROCESSOR_DEFINITIONS = (
					"DEBUG=1",
					"$(inherited)",
				);
				GCC_SYMBOLS_PRIVATE_EXTERN = NO;
				GCC_WARN_64_TO_32_BIT_CONVERSION = YES;
				GCC_WARN_ABOUT_RETURN_TYPE = YES_ERROR;
				GCC_WARN_UNDECLARED_SELECTOR = YES;
				GCC_WARN_UNINITIALIZED_AUTOS = YES_AGGRESSIVE;
				GCC_WARN_UNUSED_FUNCTION = YES;
				GCC_WARN_UNUSED_VARIABLE = YES;
				MACOSX_DEPLOYMENT_TARGET = 10.10;
				MTL_ENABLE_DEBUG_INFO = YES;
				ONLY_ACTIVE_ARCH = YES;
				SDKROOT = macosx;
				SWIFT_OPTIMIZATION_LEVEL = "-Onone";
			};
			name = Debug;
		};
		5995BA011A69DD3D001B49DD /* Debug */ = {
			isa = XCBuildConfiguration;
			buildSettings = {
				ASSETCATALOG_COMPILER_APPICON_NAME = AppIcon;
				COMBINE_HIDPI_IMAGES = YES;
				INFOPLIST_FILE = src/Info.plist;
				LD_RUNPATH_SEARCH_PATHS = "$(inherited) @executable_path/../Frameworks";
				MACOSX_DEPLOYMENT_TARGET = 10.10;
				PRODUCT_NAME = SwiftWebKit;
			};
			name = Debug;
		};
/* End XCBuildConfiguration section */

/* Begin XCConfigurationList section */
		5995B9DF1A69DD3D001B49DD /* Build configuration list for PBXProject "SwiftWebKit" */ = {
			isa = XCConfigurationList;
			buildConfigurations = (
				5995B9FE1A69DD3D001B49DD /* Debug */,
			);
			defaultConfigurationIsVisible = 0;
			defaultConfigurationName = Debug;
		};
		5995BA001A69DD3D001B49DD /* Build configuration list for PBXNativeTarget "SwiftWebKit" */ = {
			isa = XCConfigurationList;
			buildConfigurations = (
				5995BA011A69DD3D001B49DD /* Debug */,
			);
			defaultConfigurationIsVisible = 0;
			defaultConfigurationName = Debug;
		};
/* End XCConfigurationList section */
	};
	rootObject = 5995B9DC1A69DD3D001B49DD /* Project object */;
}
